
Microsoft Visual Studio Solution File, Format Version 12.00
# Visual Studio Version 16
VisualStudioVersion = 16.0.28407.52
MinimumVisualStudioVersion = 10.0.40219.1
Project("{FAE04EC0-301F-11D3-BF4B-00C04F79EFBC}") = "Alucard", "Alucard\Alucard.csproj", "{56C3E06B-B9F0-4404-A242-801682FB38F6}"
EndProject
Global
	GlobalSection(SolutionConfigurationPlatforms) = preSolution
		Debug|Any CPU = Debug|Any CPU
		Release|Any CPU = Release|Any CPU
	EndGlobalSection
	GlobalSection(ProjectConfigurationPlatforms) = postSolution
		{56C3E06B-B9F0-4404-A242-801682FB38F6}.Debug|Any CPU.ActiveCfg = Debug|Any CPU
		{56C3E06B-B9F0-4404-A242-801682FB38F6}.Debug|Any CPU.Build.0 = Debug|Any CPU
		{56C3E06B-B9F0-4404-A242-801682FB38F6}.Release|Any CPU.ActiveCfg = Release|Any CPU
		{56C3E06B-B9F0-4404-A242-801682FB38F6}.Release|Any CPU.Build.0 = Release|Any CPU
	EndGlobalSection
	GlobalSection(SolutionProperties) = preSolution
		HideSolutionNode = FALSE
	EndGlobalSection
	GlobalSection(ExtensibilityGlobals) = postSolution
		SolutionGuid = {49AEC727-9874-4B53-947F-CE40E5D41D3A}
	EndGlobalSection
EndGlobal
